
Microsoft Visual Studio Solution File, Format Version 12.00
# Visual Studio 15
VisualStudioVersion = 15.0.28307.168
MinimumVisualStudioVersion = 10.0.40219.1
Project("{9A19103F-16F7-4668-BE54-9A1E7A4F7556}") = "Practice_SumTo19", "Practice_Round2\Practice_SumTo19.csproj", "{F42E6A86-D742-4436-87E6-5926C5D9989A}"
EndProject
Global
	GlobalSection(SolutionConfigurationPlatforms) = preSolution
		Debug|Any CPU = Debug|Any CPU
		Release|Any CPU = Release|Any CPU
	EndGlobalSection
	GlobalSection(ProjectConfigurationPlatforms) = postSolution
		{F42E6A86-D742-4436-87E6-5926C5D9989A}.Debug|Any CPU.ActiveCfg = Debug|Any CPU
		{F42E6A86-D742-4436-87E6-5926C5D9989A}.Debug|Any CPU.Build.0 = Debug|Any CPU
		{F42E6A86-D742-4436-87E6-5926C5D9989A}.Release|Any CPU.ActiveCfg = Release|Any CPU
		{F42E6A86-D742-4436-87E6-5926C5D9989A}.Release|Any CPU.Build.0 = Release|Any CPU
	EndGlobalSection
	GlobalSection(SolutionProperties) = preSolution
		HideSolutionNode = FALSE
	EndGlobalSection
	GlobalSection(ExtensibilityGlobals) = postSolution
		SolutionGuid = {D88D21F0-88CA-4444-8BBC-6F4105CE6C65}
	EndGlobalSection
EndGlobal
